{
    "name": "@create-react-wp/create-react-wptheme",
    "version": "0.0.1",
    "lockfileVersion": 1,
    "requires": true,
    "dependencies": {
        "ansi-regex": {
            "version": "2.1.1",
            "resolved": "https://registry.npmjs.org/ansi-regex/-/ansi-regex-2.1.1.tgz",
            "integrity": "sha1-w7M6te42DYbg5ijwRorn7yfWVN8="
        },
        "ansi-styles": {
            "version": "2.2.1",
            "resolved": "https://registry.npmjs.org/ansi-styles/-/ansi-styles-2.2.1.tgz",
            "integrity": "sha1-tDLdM1i2NM914eRmQ2gkBTPB3b4="
        },
        "builtins": {
            "version": "1.0.3",
            "resolved": "https://registry.npmjs.org/builtins/-/builtins-1.0.3.tgz",
            "integrity": "sha1-y5T662HIaWRR2zZTThQi+U8K7og="
        },
        "chalk": {
            "version": "1.1.3",
            "resolved": "https://registry.npmjs.org/chalk/-/chalk-1.1.3.tgz",
            "integrity": "sha1-qBFcVeSnAv5NFQq9OHKCKn4J/Jg=",
            "requires": {
                "ansi-styles": "^2.2.1",
                "escape-string-regexp": "^1.0.2",
                "has-ansi": "^2.0.0",
                "strip-ansi": "^3.0.0",
                "supports-color": "^2.0.0"
            }
        },
        "commander": {
            "version": "2.15.1",
            "resolved": "https://registry.npmjs.org/commander/-/commander-2.15.1.tgz",
            "integrity": "sha512-VlfT9F3V0v+jr4yxPc5gg9s62/fIVWsd2Bk2iD435um1NlGMYdVCq+MjcXnhYq2icNOizHr1kK+5TI6H0Hy0ag=="
        },
        "cross-spawn": {
            "version": "4.0.2",
            "resolved": "https://registry.npmjs.org/cross-spawn/-/cross-spawn-4.0.2.tgz",
            "integrity": "sha1-e5JHYhwjrf3ThWAEqCPL45dCTUE=",
            "requires": {
                "lru-cache": "^4.0.1",
                "which": "^1.2.9"
            }
        },
        "envinfo": {
            "version": "3.4.2",
            "resolved": "https://registry.npmjs.org/envinfo/-/envinfo-3.4.2.tgz",
            "integrity": "sha512-yqKl+qfQ849zLua/aRGIs4TzNah6ypvdX6KPmK9LPP54Ea+Hqx2gFzSBmGhka8HvWcmCmffGIshG4INSh0ku6g==",
            "requires": {
                "minimist": "^1.2.0",
                "os-name": "^2.0.1",
                "which": "^1.2.14"
            }
        },
        "escape-string-regexp": {
            "version": "1.0.5",
            "resolved": "https://registry.npmjs.org/escape-string-regexp/-/escape-string-regexp-1.0.5.tgz",
            "integrity": "sha1-G2HAViGQqN/2rjuyzwIAyhMLhtQ="
        },
        "fs-extra": {
            "version": "1.0.0",
            "resolved": "https://registry.npmjs.org/fs-extra/-/fs-extra-1.0.0.tgz",
            "integrity": "sha1-zTzl9+fLYUWIP8rjGR6Yd/hYeVA=",
            "requires": {
                "graceful-fs": "^4.1.2",
                "jsonfile": "^2.1.0",
                "klaw": "^1.0.0"
            }
        },
        "graceful-fs": {
            "version": "4.1.11",
            "resolved": "https://registry.npmjs.org/graceful-fs/-/graceful-fs-4.1.11.tgz",
            "integrity": "sha1-Dovf5NHduIVNZOBOp8AOKgJuVlg="
        },
        "has-ansi": {
            "version": "2.0.0",
            "resolved": "https://registry.npmjs.org/has-ansi/-/has-ansi-2.0.0.tgz",
            "integrity": "sha1-NPUEnOHs3ysGSa8+8k5F7TVBbZE=",
            "requires": {
                "ansi-regex": "^2.0.0"
            }
        },
        "isexe": {
            "version": "2.0.0",
            "resolved": "https://registry.npmjs.org/isexe/-/isexe-2.0.0.tgz",
            "integrity": "sha1-6PvzdNxVb/iUehDcsFctYz8s+hA="
        },
        "jsonfile": {
            "version": "2.4.0",
            "resolved": "https://registry.npmjs.org/jsonfile/-/jsonfile-2.4.0.tgz",
            "integrity": "sha1-NzaitCi4e72gzIO1P6PWM6NcKug=",
            "requires": {
                "graceful-fs": "^4.1.6"
            }
        },
        "klaw": {
            "version": "1.3.1",
            "resolved": "https://registry.npmjs.org/klaw/-/klaw-1.3.1.tgz",
            "integrity": "sha1-QIhDO0azsbolnXh4XY6W9zugJDk=",
            "requires": {
                "graceful-fs": "^4.1.9"
            }
        },
        "lru-cache": {
            "version": "4.1.3",
            "resolved": "https://registry.npmjs.org/lru-cache/-/lru-cache-4.1.3.tgz",
            "integrity": "sha512-fFEhvcgzuIoJVUF8fYr5KR0YqxD238zgObTps31YdADwPPAp82a4M8TrckkWyx7ekNlf9aBcVn81cFwwXngrJA==",
            "requires": {
                "pseudomap": "^1.0.2",
                "yallist": "^2.1.2"
            }
        },
        "macos-release": {
            "version": "1.1.0",
            "resolved": "https://registry.npmjs.org/macos-release/-/macos-release-1.1.0.tgz",
            "integrity": "sha512-mmLbumEYMi5nXReB9js3WGsB8UE6cDBWyIO62Z4DNx6GbRhDxHNjA1MlzSpJ2S2KM1wyiPRA0d19uHWYYvMHjA=="
        },
        "minimist": {
            "version": "1.2.0",
            "resolved": "https://registry.npmjs.org/minimist/-/minimist-1.2.0.tgz",
            "integrity": "sha1-o1AIsg9BOD7sH7kU9M1d95omQoQ="
        },
        "os-name": {
            "version": "2.0.1",
            "resolved": "https://registry.npmjs.org/os-name/-/os-name-2.0.1.tgz",
            "integrity": "sha1-uaOGNhwXrjohc27wWZQFyajF3F4=",
            "requires": {
                "macos-release": "^1.0.0",
                "win-release": "^1.0.0"
            }
        },
        "pseudomap": {
            "version": "1.0.2",
            "resolved": "https://registry.npmjs.org/pseudomap/-/pseudomap-1.0.2.tgz",
            "integrity": "sha1-8FKijacOYYkX7wqKw0wa5aaChrM="
        },
        "semver": {
            "version": "5.5.0",
            "resolved": "https://registry.npmjs.org/semver/-/semver-5.5.0.tgz",
            "integrity": "sha512-4SJ3dm0WAwWy/NVeioZh5AntkdJoWKxHxcmyP622fOkgHa4z3R0TdBJICINyaSDE6uNwVc8gZr+ZinwZAH4xIA=="
        },
        "strip-ansi": {
            "version": "3.0.1",
            "resolved": "https://registry.npmjs.org/strip-ansi/-/strip-ansi-3.0.1.tgz",
            "integrity": "sha1-ajhfuIU9lS1f8F0Oiq+UJ43GPc8=",
            "requires": {
                "ansi-regex": "^2.0.0"
            }
        },
        "supports-color": {
            "version": "2.0.0",
            "resolved": "https://registry.npmjs.org/supports-color/-/supports-color-2.0.0.tgz",
            "integrity": "sha1-U10EXOa2Nj+kARcIRimZXp3zJMc="
        },
        "validate-npm-package-name": {
            "version": "3.0.0",
            "resolved": "https://registry.npmjs.org/validate-npm-package-name/-/validate-npm-package-name-3.0.0.tgz",
            "integrity": "sha1-X6kS2B630MdK/BQN5zF/DKffQ34=",
            "requires": {
                "builtins": "^1.0.3"
            }
        },
        "which": {
            "version": "1.3.1",
            "resolved": "https://registry.npmjs.org/which/-/which-1.3.1.tgz",
            "integrity": "sha512-HxJdYWq1MTIQbJ3nw0cqssHoTNU267KlrDuGZ1WYlxDStUtKUhOaJmh112/TZmHxxUfuJqPXSOm7tDyas0OSIQ==",
            "requires": {
                "isexe": "^2.0.0"
            }
        },
        "win-release": {
            "version": "1.1.1",
            "resolved": "https://registry.npmjs.org/win-release/-/win-release-1.1.1.tgz",
            "integrity": "sha1-X6VeAr58qTTt/BJmVjLoSbcuUgk=",
            "requires": {
                "semver": "^5.0.1"
            }
        },
        "yallist": {
            "version": "2.1.2",
            "resolved": "https://registry.npmjs.org/yallist/-/yallist-2.1.2.tgz",
            "integrity": "sha1-HBH5IY8HYImkfdUS+TxmmaaoHVI="
        }
    }
}
